Microsoft Visual Studio Solution File, Format Version 12.00
# Visual Studio Version 17
VisualStudioVersion = 17.5.2.0
MinimumVisualStudioVersion = 10.0.40219.1
Project("{FAE04EC0-301F-11D3-BF4B-00C04F79EFBC}") = "memcomparison", "memcomparison.csproj", "{5151E360-F808-9D04-7882-4D323CC9CD96}"
EndProject
Global
	GlobalSection(SolutionConfigurationPlatforms) = preSolution
		Debug|Any CPU = Debug|Any CPU
		Release|Any CPU = Release|Any CPU
	EndGlobalSection
	GlobalSection(ProjectConfigurationPlatforms) = postSolution
		{5151E360-F808-9D04-7882-4D323CC9CD96}.Debug|Any CPU.ActiveCfg = Debug|Any CPU
		{5151E360-F808-9D04-7882-4D323CC9CD96}.Debug|Any CPU.Build.0 = Debug|Any CPU
		{5151E360-F808-9D04-7882-4D323CC9CD96}.Release|Any CPU.ActiveCfg = Release|Any CPU
		{5151E360-F808-9D04-7882-4D323CC9CD96}.Release|Any CPU.Build.0 = Release|Any CPU
	EndGlobalSection
	GlobalSection(SolutionProperties) = preSolution
		HideSolutionNode = FALSE
	EndGlobalSection
	GlobalSection(ExtensibilityGlobals) = postSolution
		SolutionGuid = {8FF36DF9-3ACA-48B0-8A38-22DEE6350896}
	EndGlobalSection
EndGlobal
